
Microsoft Visual Studio Solution File, Format Version 12.00
# Visual Studio 15
VisualStudioVersion = 15.0.26124.0
MinimumVisualStudioVersion = 15.0.26124.0
Project("{FAE04EC0-301F-11D3-BF4B-00C04F79EFBC}") = "Demo.DependencyInjection.Application", "Demo.DependencyInjection.Application\Demo.DependencyInjection.Application.csproj", "{01889F15-77F1-453C-95C8-79E981B42419}"
EndProject
Project("{FAE04EC0-301F-11D3-BF4B-00C04F79EFBC}") = "Demo.DependencyInjection.Implementation1", "Demo.DependencyInjection.Implementation1\Demo.DependencyInjection.Implementation1.csproj", "{B3AE0A32-2792-4225-984D-F2A71830A874}"
EndProject
Project("{FAE04EC0-301F-11D3-BF4B-00C04F79EFBC}") = "Demo.DependencyInjection.Abstractions", "Demo.DependencyInjection.Abstractions\Demo.DependencyInjection.Abstractions.csproj", "{BFB1C2AD-726A-441D-A7F4-1B8ECD283F7F}"
EndProject
Project("{FAE04EC0-301F-11D3-BF4B-00C04F79EFBC}") = "Demo.DependencyInjection.Implementation2", "Demo.DependencyInjection.Implementation2\Demo.DependencyInjection.Implementation2.csproj", "{5C1DFB86-F23E-4FBB-9F22-BBD995C45173}"
EndProject
Global
	GlobalSection(SolutionConfigurationPlatforms) = preSolution
		Debug|Any CPU = Debug|Any CPU
		Debug|x64 = Debug|x64
		Debug|x86 = Debug|x86
		Release|Any CPU = Release|Any CPU
		Release|x64 = Release|x64
		Release|x86 = Release|x86
	EndGlobalSection
	GlobalSection(SolutionProperties) = preSolution
		HideSolutionNode = FALSE
	EndGlobalSection
	GlobalSection(ProjectConfigurationPlatforms) = postSolution
		{01889F15-77F1-453C-95C8-79E981B42419}.Debug|Any CPU.ActiveCfg = Debug|Any CPU
		{01889F15-77F1-453C-95C8-79E981B42419}.Debug|Any CPU.Build.0 = Debug|Any CPU
		{01889F15-77F1-453C-95C8-79E981B42419}.Debug|x64.ActiveCfg = Debug|Any CPU
		{01889F15-77F1-453C-95C8-79E981B42419}.Debug|x64.Build.0 = Debug|Any CPU
		{01889F15-77F1-453C-95C8-79E981B42419}.Debug|x86.ActiveCfg = Debug|Any CPU
		{01889F15-77F1-453C-95C8-79E981B42419}.Debug|x86.Build.0 = Debug|Any CPU
		{01889F15-77F1-453C-95C8-79E981B42419}.Release|Any CPU.ActiveCfg = Release|Any CPU
		{01889F15-77F1-453C-95C8-79E981B42419}.Release|Any CPU.Build.0 = Release|Any CPU
		{01889F15-77F1-453C-95C8-79E981B42419}.Release|x64.ActiveCfg = Release|Any CPU
		{01889F15-77F1-453C-95C8-79E981B42419}.Release|x64.Build.0 = Release|Any CPU
		{01889F15-77F1-453C-95C8-79E981B42419}.Release|x86.ActiveCfg = Release|Any CPU
		{01889F15-77F1-453C-95C8-79E981B42419}.Release|x86.Build.0 = Release|Any CPU
		{B3AE0A32-2792-4225-984D-F2A71830A874}.Debug|Any CPU.ActiveCfg = Debug|Any CPU
		{B3AE0A32-2792-4225-984D-F2A71830A874}.Debug|Any CPU.Build.0 = Debug|Any CPU
		{B3AE0A32-2792-4225-984D-F2A71830A874}.Debug|x64.ActiveCfg = Debug|Any CPU
		{B3AE0A32-2792-4225-984D-F2A71830A874}.Debug|x64.Build.0 = Debug|Any CPU
		{B3AE0A32-2792-4225-984D-F2A71830A874}.Debug|x86.ActiveCfg = Debug|Any CPU
		{B3AE0A32-2792-4225-984D-F2A71830A874}.Debug|x86.Build.0 = Debug|Any CPU
		{B3AE0A32-2792-4225-984D-F2A71830A874}.Release|Any CPU.ActiveCfg = Release|Any CPU
		{B3AE0A32-2792-4225-984D-F2A71830A874}.Release|Any CPU.Build.0 = Release|Any CPU
		{B3AE0A32-2792-4225-984D-F2A71830A874}.Release|x64.ActiveCfg = Release|Any CPU
		{B3AE0A32-2792-4225-984D-F2A71830A874}.Release|x64.Build.0 = Release|Any CPU
		{B3AE0A32-2792-4225-984D-F2A71830A874}.Release|x86.ActiveCfg = Release|Any CPU
		{B3AE0A32-2792-4225-984D-F2A71830A874}.Release|x86.Build.0 = Release|Any CPU
		{BFB1C2AD-726A-441D-A7F4-1B8ECD283F7F}.Debug|Any CPU.ActiveCfg = Debug|Any CPU
		{BFB1C2AD-726A-441D-A7F4-1B8ECD283F7F}.Debug|Any CPU.Build.0 = Debug|Any CPU
		{BFB1C2AD-726A-441D-A7F4-1B8ECD283F7F}.Debug|x64.ActiveCfg = Debug|Any CPU
		{BFB1C2AD-726A-441D-A7F4-1B8ECD283F7F}.Debug|x64.Build.0 = Debug|Any CPU
		{BFB1C2AD-726A-441D-A7F4-1B8ECD283F7F}.Debug|x86.ActiveCfg = Debug|Any CPU
		{BFB1C2AD-726A-441D-A7F4-1B8ECD283F7F}.Debug|x86.Build.0 = Debug|Any CPU
		{BFB1C2AD-726A-441D-A7F4-1B8ECD283F7F}.Release|Any CPU.ActiveCfg = Release|Any CPU
		{BFB1C2AD-726A-441D-A7F4-1B8ECD283F7F}.Release|Any CPU.Build.0 = Release|Any CPU
		{BFB1C2AD-726A-441D-A7F4-1B8ECD283F7F}.Release|x64.ActiveCfg = Release|Any CPU
		{BFB1C2AD-726A-441D-A7F4-1B8ECD283F7F}.Release|x64.Build.0 = Release|Any CPU
		{BFB1C2AD-726A-441D-A7F4-1B8ECD283F7F}.Release|x86.ActiveCfg = Release|Any CPU
		{BFB1C2AD-726A-441D-A7F4-1B8ECD283F7F}.Release|x86.Build.0 = Release|Any CPU
		{5C1DFB86-F23E-4FBB-9F22-BBD995C45173}.Debug|Any CPU.ActiveCfg = Debug|Any CPU
		{5C1DFB86-F23E-4FBB-9F22-BBD995C45173}.Debug|Any CPU.Build.0 = Debug|Any CPU
		{5C1DFB86-F23E-4FBB-9F22-BBD995C45173}.Debug|x64.ActiveCfg = Debug|Any CPU
		{5C1DFB86-F23E-4FBB-9F22-BBD995C45173}.Debug|x64.Build.0 = Debug|Any CPU
		{5C1DFB86-F23E-4FBB-9F22-BBD995C45173}.Debug|x86.ActiveCfg = Debug|Any CPU
		{5C1DFB86-F23E-4FBB-9F22-BBD995C45173}.Debug|x86.Build.0 = Debug|Any CPU
		{5C1DFB86-F23E-4FBB-9F22-BBD995C45173}.Release|Any CPU.ActiveCfg = Release|Any CPU
		{5C1DFB86-F23E-4FBB-9F22-BBD995C45173}.Release|Any CPU.Build.0 = Release|Any CPU
		{5C1DFB86-F23E-4FBB-9F22-BBD995C45173}.Release|x64.ActiveCfg = Release|Any CPU
		{5C1DFB86-F23E-4FBB-9F22-BBD995C45173}.Release|x64.Build.0 = Release|Any CPU
		{5C1DFB86-F23E-4FBB-9F22-BBD995C45173}.Release|x86.ActiveCfg = Release|Any CPU
		{5C1DFB86-F23E-4FBB-9F22-BBD995C45173}.Release|x86.Build.0 = Release|Any CPU
	EndGlobalSection
EndGlobal
